
Microsoft Visual Studio Solution File, Format Version 12.00
# Visual Studio Version 17
VisualStudioVersion = 17.4.33205.214
MinimumVisualStudioVersion = 10.0.40219.1
Project("{FAE04EC0-301F-11D3-BF4B-00C04F79EFBC}") = "123", "123\123.csproj", "{7A30FB3E-756A-46B3-B101-D6C1F96EE9FD}"
EndProject
Global
	GlobalSection(SolutionConfigurationPlatforms) = preSolution
		Debug|Any CPU = Debug|Any CPU
		Release|Any CPU = Release|Any CPU
	EndGlobalSection
	GlobalSection(ProjectConfigurationPlatforms) = postSolution
		{7A30FB3E-756A-46B3-B101-D6C1F96EE9FD}.Debug|Any CPU.ActiveCfg = Debug|Any CPU
		{7A30FB3E-756A-46B3-B101-D6C1F96EE9FD}.Debug|Any CPU.Build.0 = Debug|Any CPU
		{7A30FB3E-756A-46B3-B101-D6C1F96EE9FD}.Release|Any CPU.ActiveCfg = Release|Any CPU
		{7A30FB3E-756A-46B3-B101-D6C1F96EE9FD}.Release|Any CPU.Build.0 = Release|Any CPU
	EndGlobalSection
	GlobalSection(SolutionProperties) = preSolution
		HideSolutionNode = FALSE
	EndGlobalSection
	GlobalSection(ExtensibilityGlobals) = postSolution
		SolutionGuid = {19B72FF3-98B8-48D6-95FA-80D87CF3EDD9}
	EndGlobalSection
EndGlobal
